
Microsoft Visual Studio Solution File, Format Version 12.00
# Visual Studio Version 16
VisualStudioVersion = 16.0.31729.503
MinimumVisualStudioVersion = 10.0.40219.1
Project("{FAE04EC0-301F-11D3-BF4B-00C04F79EFBC}") = "Sistema Desktop para Hotel", "Sistema Desktop para Hotel.csproj", "{C20934C8-606E-4F28-99E9-4038C43EC5F9}"
EndProject
Project("{FAE04EC0-301F-11D3-BF4B-00C04F79EFBC}") = "Connection", "..\Connection\Connection.csproj", "{9FA17E20-E749-437B-9D11-CE55DC4F793F}"
EndProject
Project("{FAE04EC0-301F-11D3-BF4B-00C04F79EFBC}") = "Classes", "..\Classes\Classes.csproj", "{1249C409-81DB-43B4-91C1-96F089EAF449}"
EndProject
Project("{FAE04EC0-301F-11D3-BF4B-00C04F79EFBC}") = "DAL", "..\DAL\DAL.csproj", "{F758A3B6-571C-49C7-9858-33E0158D34AE}"
EndProject
Project("{FAE04EC0-301F-11D3-BF4B-00C04F79EFBC}") = "Sistema_Web", "..\Sistema_Web\Sistema_Web.csproj", "{11D90E97-16A6-46C0-853B-568E848F82A4}"
EndProject
Global
	GlobalSection(SolutionConfigurationPlatforms) = preSolution
		Debug|Any CPU = Debug|Any CPU
		Release|Any CPU = Release|Any CPU
	EndGlobalSection
	GlobalSection(ProjectConfigurationPlatforms) = postSolution
		{C20934C8-606E-4F28-99E9-4038C43EC5F9}.Debug|Any CPU.ActiveCfg = Debug|Any CPU
		{C20934C8-606E-4F28-99E9-4038C43EC5F9}.Debug|Any CPU.Build.0 = Debug|Any CPU
		{C20934C8-606E-4F28-99E9-4038C43EC5F9}.Release|Any CPU.ActiveCfg = Release|Any CPU
		{C20934C8-606E-4F28-99E9-4038C43EC5F9}.Release|Any CPU.Build.0 = Release|Any CPU
		{9FA17E20-E749-437B-9D11-CE55DC4F793F}.Debug|Any CPU.ActiveCfg = Debug|Any CPU
		{9FA17E20-E749-437B-9D11-CE55DC4F793F}.Debug|Any CPU.Build.0 = Debug|Any CPU
		{9FA17E20-E749-437B-9D11-CE55DC4F793F}.Release|Any CPU.ActiveCfg = Release|Any CPU
		{9FA17E20-E749-437B-9D11-CE55DC4F793F}.Release|Any CPU.Build.0 = Release|Any CPU
		{1249C409-81DB-43B4-91C1-96F089EAF449}.Debug|Any CPU.ActiveCfg = Debug|Any CPU
		{1249C409-81DB-43B4-91C1-96F089EAF449}.Debug|Any CPU.Build.0 = Debug|Any CPU
		{1249C409-81DB-43B4-91C1-96F089EAF449}.Release|Any CPU.ActiveCfg = Release|Any CPU
		{1249C409-81DB-43B4-91C1-96F089EAF449}.Release|Any CPU.Build.0 = Release|Any CPU
		{F758A3B6-571C-49C7-9858-33E0158D34AE}.Debug|Any CPU.ActiveCfg = Debug|Any CPU
		{F758A3B6-571C-49C7-9858-33E0158D34AE}.Debug|Any CPU.Build.0 = Debug|Any CPU
		{F758A3B6-571C-49C7-9858-33E0158D34AE}.Release|Any CPU.ActiveCfg = Release|Any CPU
		{F758A3B6-571C-49C7-9858-33E0158D34AE}.Release|Any CPU.Build.0 = Release|Any CPU
		{11D90E97-16A6-46C0-853B-568E848F82A4}.Debug|Any CPU.ActiveCfg = Debug|Any CPU
		{11D90E97-16A6-46C0-853B-568E848F82A4}.Debug|Any CPU.Build.0 = Debug|Any CPU
		{11D90E97-16A6-46C0-853B-568E848F82A4}.Release|Any CPU.ActiveCfg = Release|Any CPU
		{11D90E97-16A6-46C0-853B-568E848F82A4}.Release|Any CPU.Build.0 = Release|Any CPU
	EndGlobalSection
	GlobalSection(SolutionProperties) = preSolution
		HideSolutionNode = FALSE
	EndGlobalSection
	GlobalSection(ExtensibilityGlobals) = postSolution
		SolutionGuid = {50A796FE-7871-466E-B91F-F318DB265374}
	EndGlobalSection
EndGlobal
